{
  "name": "website-template",
  "version": "1.0.0",
  "lockfileVersion": 1,
  "requires": true,
  "dependencies": {
    "array-differ": {
      "version": "1.0.0",
      "resolved": "https://registry.npmjs.org/array-differ/-/array-differ-1.0.0.tgz",
      "integrity": "sha1-7/UuN1gknTO+QCuLuOVkuytdQDE="
    },
    "array-union": {
      "version": "1.0.2",
      "resolved": "https://registry.npmjs.org/array-union/-/array-union-1.0.2.tgz",
      "integrity": "sha1-mjRBDk9OPaI96jdb5b5w8kd47Dk=",
      "requires": {
        "array-uniq": "^1.0.1"
      }
    },
    "array-uniq": {
      "version": "1.0.3",
      "resolved": "https://registry.npmjs.org/array-uniq/-/array-uniq-1.0.3.tgz",
      "integrity": "sha1-r2rId6Jcx/dOBYiUdThY39sk/bY="
    },
    "arrify": {
      "version": "1.0.1",
      "resolved": "https://registry.npmjs.org/arrify/-/arrify-1.0.1.tgz",
      "integrity": "sha1-iYUI2iIm84DfkEcoRWhJwVAaSw0="
    },
    "asap": {
      "version": "2.0.6",
      "resolved": "https://registry.npmjs.org/asap/-/asap-2.0.6.tgz",
      "integrity": "sha1-5QNHYR1+aQlDIIu9r+vLwvuGbUY="
    },
    "async": {
      "version": "0.2.10",
      "resolved": "https://registry.npmjs.org/async/-/async-0.2.10.tgz",
      "integrity": "sha1-trvgsGdLnXGXCMo43owjfLUmw9E="
    },
    "balanced-match": {
      "version": "1.0.0",
      "resolved": "https://registry.npmjs.org/balanced-match/-/balanced-match-1.0.0.tgz",
      "integrity": "sha1-ibTRmasr7kneFk6gK4nORi1xt2c="
    },
    "brace-expansion": {
      "version": "1.1.11",
      "resolved": "https://registry.npmjs.org/brace-expansion/-/brace-expansion-1.1.11.tgz",
      "integrity": "sha512-iCuPHDFgrHX7H2vEI/5xpz07zSHB00TpugqhmYtVmMO6518mCuRMoOYFldEBl0g187ufozdaHgWKcYFb61qGiA==",
      "requires": {
        "balanced-match": "^1.0.0",
        "concat-map": "0.0.1"
      }
    },
    "clone": {
      "version": "1.0.4",
      "resolved": "https://registry.npmjs.org/clone/-/clone-1.0.4.tgz",
      "integrity": "sha1-2jCcwmPfFZlMaIypAheco8fNfH4="
    },
    "concat-map": {
      "version": "0.0.1",
      "resolved": "https://registry.npmjs.org/concat-map/-/concat-map-0.0.1.tgz",
      "integrity": "sha1-2Klr13/Wjfd5OnMDajug1UBdR3s="
    },
    "debug": {
      "version": "0.8.1",
      "resolved": "https://registry.npmjs.org/debug/-/debug-0.8.1.tgz",
      "integrity": "sha1-IP9NJvXkIstoobrLu2EDmtjBwTA="
    },
    "defaults": {
      "version": "1.0.3",
      "resolved": "https://registry.npmjs.org/defaults/-/defaults-1.0.3.tgz",
      "integrity": "sha1-xlYFHpgX2f8I7YgUd/P+QBnz730=",
      "requires": {
        "clone": "^1.0.2"
      }
    },
    "fs-tools": {
      "version": "0.5.0",
      "resolved": "https://registry.npmjs.org/fs-tools/-/fs-tools-0.5.0.tgz",
      "integrity": "sha512-iJG+dKoTlWevEBvsZYkq7Fy1XJVYHMObel+MIKOf+3HbiENQG0JH5bgTlzJYsrdwZvft1vE/yl/P/T4wngAv8A==",
      "requires": {
        "async": "~ 0.2.9",
        "lodash": "^4.17.10"
      }
    },
    "handlebars": {
      "version": "4.7.6",
      "resolved": "https://registry.npmjs.org/handlebars/-/handlebars-4.7.6.tgz",
      "integrity": "sha512-1f2BACcBfiwAfStCKZNrUCgqNZkGsAT7UM3kkYtXuLo0KnaVfjKOyf7PRzB6++aK9STyT1Pd2ZCPe3EGOXleXA==",
      "requires": {
        "minimist": "^1.2.5",
        "neo-async": "^2.6.0",
        "source-map": "^0.6.1",
        "uglify-js": "^3.1.4",
        "wordwrap": "^1.0.0"
      }
    },
    "inputformat-to-jstransformer": {
      "version": "1.4.0",
      "resolved": "https://registry.npmjs.org/inputformat-to-jstransformer/-/inputformat-to-jstransformer-1.4.0.tgz",
      "integrity": "sha512-Ub+Wjb0mjaND4IS/GDvQ+TEyd1i9U4OdrF58mBY7QTYu8CK5K34DPV7mrvo/WQBJLj7UJWQc7QAmFb7CbQ5lLw==",
      "requires": {
        "require-one": "^1.0.3"
      }
    },
    "is-promise": {
      "version": "2.2.2",
      "resolved": "https://registry.npmjs.org/is-promise/-/is-promise-2.2.2.tgz",
      "integrity": "sha512-+lP4/6lKUBfQjZ2pdxThZvLUAafmZb8OAxFb8XXtiQmS35INgr85hdOGoEs124ez1FCnZJt6jau/T+alh58QFQ=="
    },
    "is-utf8": {
      "version": "0.2.1",
      "resolved": "https://registry.npmjs.org/is-utf8/-/is-utf8-0.2.1.tgz",
      "integrity": "sha1-Sw2hRCEE0bM2NA6AeX6GXPOffXI="
    },
    "jstransformer": {
      "version": "1.0.0",
      "resolved": "https://registry.npmjs.org/jstransformer/-/jstransformer-1.0.0.tgz",
      "integrity": "sha1-7Yvwkh4vPx7U1cGkT2hwntJHIsM=",
      "requires": {
        "is-promise": "^2.0.0",
        "promise": "^7.0.1"
      }
    },
    "jstransformer-handlebars": {
      "version": "1.1.0",
      "resolved": "https://registry.npmjs.org/jstransformer-handlebars/-/jstransformer-handlebars-1.1.0.tgz",
      "integrity": "sha1-kbpW4KKK7jG7VtStvLzlCNgjBGg=",
      "requires": {
        "handlebars": "^4.0.1"
      }
    },
    "lodash": {
      "version": "4.17.20",
      "resolved": "https://registry.npmjs.org/lodash/-/lodash-4.17.20.tgz",
      "integrity": "sha512-PlhdFcillOINfeV7Ni6oF1TAEayyZBoZ8bcshTHqOYJYlrqzRK5hagpagky5o4HfCzzd1TRkXPMFq6cKk9rGmA=="
    },
    "marked": {
      "version": "0.7.0",
      "resolved": "https://registry.npmjs.org/marked/-/marked-0.7.0.tgz",
      "integrity": "sha512-c+yYdCZJQrsRjTPhUx7VKkApw9bwDkNbHUKo1ovgcfDjb2kc8rLuRbIFyXL5WOEUwzSSKo3IXpph2K6DqB/KZg=="
    },
    "metalsmith-discover-partials": {
      "version": "0.1.2",
      "resolved": "https://registry.npmjs.org/metalsmith-discover-partials/-/metalsmith-discover-partials-0.1.2.tgz",
      "integrity": "sha512-rjVOCSnoXJyEQand85o8l8Z9Yevbyis23q+gCA5Q6w5SG2L+H/jMQYGokpj3a5cOl0Fkl+MaXZSHJ9elpKYNFg==",
      "requires": {
        "defaults": "^1.0.3",
        "fs-tools": "^0.5.0",
        "handlebars": "*"
      }
    },
    "metalsmith-include": {
      "version": "0.0.2",
      "resolved": "https://registry.npmjs.org/metalsmith-include/-/metalsmith-include-0.0.2.tgz",
      "integrity": "sha1-vjIE4hfYiHzCmM9oh/Zxpmufr5I=",
      "requires": {
        "async": "^0.7.0",
        "debug": "^0.8.1"
      },
      "dependencies": {
        "async": {
          "version": "0.7.0",
          "resolved": "https://registry.npmjs.org/async/-/async-0.7.0.tgz",
          "integrity": "sha1-RCng5i9d4KVPN0WMSfC4l+tSraU="
        }
      }
    },
    "metalsmith-layouts": {
      "version": "2.3.1",
      "resolved": "https://registry.npmjs.org/metalsmith-layouts/-/metalsmith-layouts-2.3.1.tgz",
      "integrity": "sha512-zyJQiAKebqDttd6pgWEDIz2a3uqUmgWnrKx8P94wQRdtWHl5NiDHfibKZAcbzomfwu2PovE/Qc7WLyKIahfEvw==",
      "requires": {
        "debug": "^3.1.0",
        "inputformat-to-jstransformer": "^1.2.1",
        "is-utf8": "^0.2.1",
        "jstransformer": "^1.0.0",
        "multimatch": "^2.1.0"
      },
      "dependencies": {
        "debug": {
          "version": "3.2.6",
          "resolved": "https://registry.npmjs.org/debug/-/debug-3.2.6.tgz",
          "integrity": "sha512-mel+jf7nrtEl5Pn1Qx46zARXKDpBbvzezse7p7LqINmdoIk8PYP5SySaxEmYv6TZ0JyEKA1hsCId6DIhgITtWQ==",
          "requires": {
            "ms": "^2.1.1"
          }
        }
      }
    },
    "metalsmith-markdown": {
      "version": "1.3.0",
      "resolved": "https://registry.npmjs.org/metalsmith-markdown/-/metalsmith-markdown-1.3.0.tgz",
      "integrity": "sha512-wStYRbJIYwNTDtHmVfb6RjNfFB+DkloIoQr600pXT2QRnbqMsdnAdSVfPjXX+vP7upCulZmp/xlcYzfDxKpx1w==",
      "requires": {
        "debug": "^4.1.1",
        "marked": "^0.7.0"
      },
      "dependencies": {
        "debug": {
          "version": "4.2.0",
          "resolved": "https://registry.npmjs.org/debug/-/debug-4.2.0.tgz",
          "integrity": "sha512-IX2ncY78vDTjZMFUdmsvIRFY2Cf4FnD0wRs+nQwJU8Lu99/tPFdb0VybiiMTPe3I6rQmwsqQqRBvxU+bZ/I8sg==",
          "requires": {
            "ms": "2.1.2"
          }
        }
      }
    },
    "minimatch": {
      "version": "3.0.4",
      "resolved": "https://registry.npmjs.org/minimatch/-/minimatch-3.0.4.tgz",
      "integrity": "sha512-yJHVQEhyqPLUTgt9B83PXu6W3rx4MvvHvSUvToogpwoGDOUQ+yDrR0HRot+yOCdCO7u4hX3pWft6kWBBcqh0UA==",
      "requires": {
        "brace-expansion": "^1.1.7"
      }
    },
    "minimist": {
      "version": "1.2.5",
      "resolved": "https://registry.npmjs.org/minimist/-/minimist-1.2.5.tgz",
      "integrity": "sha512-FM9nNUYrRBAELZQT3xeZQ7fmMOBg6nWNmJKTcgsJeaLstP/UODVpGsr5OhXhhXg6f+qtJ8uiZ+PUxkDWcgIXLw=="
    },
    "ms": {
      "version": "2.1.2",
      "resolved": "https://registry.npmjs.org/ms/-/ms-2.1.2.tgz",
      "integrity": "sha512-sGkPx+VjMtmA6MX27oA4FBFELFCZZ4S4XqeGOXCv68tT+jb3vk/RyaKWP0PTKyWtmLSM0b+adUTEvbs1PEaH2w=="
    },
    "multimatch": {
      "version": "2.1.0",
      "resolved": "https://registry.npmjs.org/multimatch/-/multimatch-2.1.0.tgz",
      "integrity": "sha1-nHkGoi+0wCkZ4vX3UWG0zb1LKis=",
      "requires": {
        "array-differ": "^1.0.0",
        "array-union": "^1.0.1",
        "arrify": "^1.0.0",
        "minimatch": "^3.0.0"
      }
    },
    "neo-async": {
      "version": "2.6.2",
      "resolved": "https://registry.npmjs.org/neo-async/-/neo-async-2.6.2.tgz",
      "integrity": "sha512-Yd3UES5mWCSqR+qNT93S3UoYUkqAZ9lLg8a7g9rimsWmYGK8cVToA4/sF3RrshdyV3sAGMXVUmpMYOw+dLpOuw=="
    },
    "promise": {
      "version": "7.3.1",
      "resolved": "https://registry.npmjs.org/promise/-/promise-7.3.1.tgz",
      "integrity": "sha512-nolQXZ/4L+bP/UGlkfaIujX9BKxGwmQ9OT4mOt5yvy8iK1h3wqTEJCijzGANTCCl9nWjY41juyAn2K3Q1hLLTg==",
      "requires": {
        "asap": "~2.0.3"
      }
    },
    "require-one": {
      "version": "1.0.3",
      "resolved": "https://registry.npmjs.org/require-one/-/require-one-1.0.3.tgz",
      "integrity": "sha1-Dv68zpgP78PfhM4A8mnhnItvSZA="
    },
    "source-map": {
      "version": "0.6.1",
      "resolved": "https://registry.npmjs.org/source-map/-/source-map-0.6.1.tgz",
      "integrity": "sha512-UjgapumWlbMhkBgzT7Ykc5YXUT46F0iKu8SGXq0bcwP5dz/h0Plj6enJqjz1Zbq2l5WaqYnrVbwWOWMyF3F47g=="
    },
    "uglify-js": {
      "version": "3.11.0",
      "resolved": "https://registry.npmjs.org/uglify-js/-/uglify-js-3.11.0.tgz",
      "integrity": "sha512-e1KQFRCpOxnrJsJVqDUCjURq+wXvIn7cK2sRAx9XL3HYLL9aezOP4Pb1+Y3/o693EPk111Yj2Q+IUXxcpHlygQ==",
      "optional": true
    },
    "wordwrap": {
      "version": "1.0.0",
      "resolved": "https://registry.npmjs.org/wordwrap/-/wordwrap-1.0.0.tgz",
      "integrity": "sha1-J1hIEIkUVqQXHI0CJkQa3pDLyus="
    }
  }
}
